
Microsoft Visual Studio Solution File, Format Version 12.00
# Visual Studio Version 17
VisualStudioVersion = 17.7.34018.315
MinimumVisualStudioVersion = 10.0.40219.1
Project("{9A19103F-16F7-4668-BE54-9A1E7A4F7556}") = "HomeWork1", "HomeWork1\HomeWork1.csproj", "{C1C92530-449E-4C2C-8B99-AA109D430C0C}"
EndProject
Project("{9A19103F-16F7-4668-BE54-9A1E7A4F7556}") = "ReverseNumberCode", "HomeWork2\ReverseNumberCode\ReverseNumberCode.csproj", "{01AA3EBA-C9AE-4295-B7E5-C1A7421CFC55}"
EndProject
Project("{9A19103F-16F7-4668-BE54-9A1E7A4F7556}") = "theSquareOfAnyNumber", "HomeWork2\theSquareOfAnyNumber\theSquareOfAnyNumber.csproj", "{87BAE8A6-EFB6-461C-B689-9DD3BDB96D59}"
EndProject
Project("{9A19103F-16F7-4668-BE54-9A1E7A4F7556}") = "ReverseHundrnTens", "HomeWork2\ReverseHundrnTens\ReverseHundrnTens.csproj", "{8545AEA6-E8DA-4411-B402-B5588A942AF2}"
EndProject
Project("{9A19103F-16F7-4668-BE54-9A1E7A4F7556}") = "arithmeticMeanOfTwoNumbers", "HomeWork2\arithmeticMeanOfTwoNumbers\arithmeticMeanOfTwoNumbers.csproj", "{A6378314-90F3-4E34-8BE7-998FD725E828}"
EndProject
Project("{9A19103F-16F7-4668-BE54-9A1E7A4F7556}") = "VariantsOfChangingTheValueOfVariables", "HomeWork2\VariantsOfChangingTheValueOfVariables\VariantsOfChangingTheValueOfVariables.csproj", "{404E59F1-0105-4207-ADCB-12FE11409C57}"
EndProject
Project("{9A19103F-16F7-4668-BE54-9A1E7A4F7556}") = "QuadraticEquation", "HomeWork3\QuadraticEquation\QuadraticEquation.csproj", "{FD424570-E56A-400E-B945-0B21AAE7DFD6}"
EndProject
Project("{9A19103F-16F7-4668-BE54-9A1E7A4F7556}") = "EvenOddNumberChecker", "HomeWork3\EvenOddNumberChecker\EvenOddNumberChecker.csproj", "{59D968E1-2C39-4BA4-9098-1E059D7EA330}"
EndProject
Project("{9A19103F-16F7-4668-BE54-9A1E7A4F7556}") = "The Equalizer", "HomeWork3\The Equalizer\The Equalizer.csproj", "{FF55FFA8-613C-4636-95C9-93C6045B14F1}"
EndProject
Project("{9A19103F-16F7-4668-BE54-9A1E7A4F7556}") = "WhatsTheDayOfTheWeekApp", "HomeWork3\WhatsTheDayOfTheWeekApp\WhatsTheDayOfTheWeekApp.csproj", "{F7325ECB-53D1-48FB-A3CA-BB454E2AD56E}"
EndProject
Project("{9A19103F-16F7-4668-BE54-9A1E7A4F7556}") = "WhatsTheSeasonNow", "HomeWork3\WhatsTheMonthNow\WhatsTheSeasonNow.csproj", "{D8F476C2-0D40-4809-A170-DC5555118179}"
EndProject
Project("{9A19103F-16F7-4668-BE54-9A1E7A4F7556}") = "FizzBuzz", "HomeWork3\FizzBuzz\FizzBuzz.csproj", "{92C95B7C-5A85-4313-A7AA-F8344ABC6033}"
EndProject
Project("{9A19103F-16F7-4668-BE54-9A1E7A4F7556}") = "Lesson4Cycles", "HomeWork4\Lesson4Cycles\Lesson4Cycles.csproj", "{23A8794F-2465-468A-9276-9BA0ED3CB776}"
EndProject
Project("{9A19103F-16F7-4668-BE54-9A1E7A4F7556}") = "PasswordChecker", "HomeWork4\PasswordChecker\PasswordChecker.csproj", "{5BBC8B72-4AD0-4DD2-A780-3A4DF4B8FDB4}"
EndProject
Project("{9A19103F-16F7-4668-BE54-9A1E7A4F7556}") = "TryToGuessTheNum", "HomeWork4\TryToGuessTheNum\TryToGuessTheNum.csproj", "{3F1DF9CD-A64C-447E-BDFE-2081348D2EDD}"
EndProject
Project("{9A19103F-16F7-4668-BE54-9A1E7A4F7556}") = "IsPrimalNum", "HomeWork4\IsPrimalNum\IsPrimalNum.csproj", "{D9754FA1-D3E4-4489-AA69-48464D79D0E8}"
EndProject
Project("{9A19103F-16F7-4668-BE54-9A1E7A4F7556}") = "Lesson5", "HomeWork5\Lesson5\Lesson5.csproj", "{CADD46F6-CCDC-4609-BB26-A3C69D5834E0}"
EndProject
Project("{9A19103F-16F7-4668-BE54-9A1E7A4F7556}") = "addingElementToArrayAtTheBeggining", "HomeWork5\addingElementToArrayAtTheBeggining\addingElementToArrayAtTheBeggining.csproj", "{42DFD748-1225-4912-9B95-BE5228E99216}"
EndProject
Project("{9A19103F-16F7-4668-BE54-9A1E7A4F7556}") = "OutputUntil(-1)", "HomeWork5\OutputUntil(-1)\OutputUntil(-1).csproj", "{33C7FAD7-BCA6-45B4-9771-71E05ACC33CE}"
EndProject
Project("{9A19103F-16F7-4668-BE54-9A1E7A4F7556}") = "SumOfArrays", "HomeWork5\SumOfArrays\SumOfArrays.csproj", "{96469804-7876-461F-8A7D-6EDE265D24CC}"
EndProject
Project("{9A19103F-16F7-4668-BE54-9A1E7A4F7556}") = "RemoveElemInArray", "HomeWork5\RemoveElemInArray\RemoveElemInArray.csproj", "{FBA95F92-1BA5-4844-BE4F-639556CA296C}"
EndProject
Project("{9A19103F-16F7-4668-BE54-9A1E7A4F7556}") = "InOrderOrNot", "HomeWork5\InOrderOrNot\InOrderOrNot.csproj", "{C1D4D545-E4D7-4DB2-86D7-E7319CFCA990}"
EndProject
Project("{9A19103F-16F7-4668-BE54-9A1E7A4F7556}") = "Lesson6", "HomeWork6\Lesson6\Lesson6.csproj", "{9789CB4F-54A4-4089-82C9-9302A731D3EB}"
EndProject
Project("{9A19103F-16F7-4668-BE54-9A1E7A4F7556}") = "SumOnPairwiseIndices", "HomeWork7\SumOnPairwiseIndices\SumOnPairwiseIndices.csproj", "{BD89D89B-3375-44E5-AD28-D01C8517FD8F}"
EndProject
Project("{9A19103F-16F7-4668-BE54-9A1E7A4F7556}") = "ArrayElementProduct", "HomeWork7\ArrayElementProduct\ArrayElementProduct.csproj", "{C2AA765E-2511-4FAC-B147-88D587A7B2B6}"
EndProject
Project("{9A19103F-16F7-4668-BE54-9A1E7A4F7556}") = "AmountOfNegativeAndPositive", "HomeWork7\AmountOfNegativeAndPositive\AmountOfNegativeAndPositive.csproj", "{DB475353-9E4D-461F-9F94-46E18072A0EB}"
EndProject
Project("{9A19103F-16F7-4668-BE54-9A1E7A4F7556}") = "LastnameSorting", "HomeWork7\LastnameSorting\LastnameSorting.csproj", "{6A47BF07-B909-4235-BFDE-B5F10BC38DC7}"
EndProject
Project("{9A19103F-16F7-4668-BE54-9A1E7A4F7556}") = "Lesson6.2", "HomeWork7\Lesson6.2\Lesson6.2.csproj", "{1634F859-29BB-4611-B338-5EAD6A18E365}"
EndProject
Project("{9A19103F-16F7-4668-BE54-9A1E7A4F7556}") = "GradeManagement", "HomeWork7\GradeManagement\GradeManagement.csproj", "{B57119E6-9761-4456-8D65-1299E7F73E5D}"
EndProject
Project("{9A19103F-16F7-4668-BE54-9A1E7A4F7556}") = "Lesson7", "HomeWork8\Lesson7\Lesson7.csproj", "{0DB874DC-EDE0-4706-A595-E440692B67B1}"
EndProject
Project("{9A19103F-16F7-4668-BE54-9A1E7A4F7556}") = "CalculatorInEnum", "HomeWork8\CalculatorInEnum\CalculatorInEnum.csproj", "{7F47F5C9-DCCB-41EE-A3DE-AE4AF10CDCA3}"
EndProject
Project("{9A19103F-16F7-4668-BE54-9A1E7A4F7556}") = "StudentMarks2.0Enum", "HomeWork8\StudentMarks2.0Enum\StudentMarks2.0Enum.csproj", "{7E985A9F-3D61-48BA-A224-BE4C684098A3}"
EndProject
Project("{9A19103F-16F7-4668-BE54-9A1E7A4F7556}") = "Lesson8", "HomeWork9\Lesson8\Lesson8.csproj", "{331BCA3D-BA00-4AA2-9C2C-D246AE1D61A1}"
EndProject
Project("{9A19103F-16F7-4668-BE54-9A1E7A4F7556}") = "AddressCreator", "HomeWork9\AddressCreator\AddressCreator.csproj", "{F47B1ACE-39F7-48B8-959B-52F3E0D8DE38}"
EndProject
Project("{9A19103F-16F7-4668-BE54-9A1E7A4F7556}") = "PerimeterAreaOfRectangle", "HomeWork10\PerimeterAreaOfRectangle\PerimeterAreaOfRectangle.csproj", "{C56B2ED2-0382-4803-BECA-B4396C4F6A24}"
EndProject
Project("{9A19103F-16F7-4668-BE54-9A1E7A4F7556}") = "UserInfo", "HomeWork10\UserInfo\UserInfo.csproj", "{FCE67B73-25CB-473F-B7F0-F9EF24C6CDDE}"
EndProject
Project("{9A19103F-16F7-4668-BE54-9A1E7A4F7556}") = "Lesson11", "HomeWork11\Lesson11\Lesson11.csproj", "{26597B6B-E068-4CC4-BE72-7E1F0B7D72AD}"
EndProject
Project("{9A19103F-16F7-4668-BE54-9A1E7A4F7556}") = "GeometricShaping", "HomeWork11\GeometricShaping\GeometricShaping.csproj", "{BBE0835D-5819-4976-9FEA-BCDBBEFA9B07}"
EndProject
Project("{9A19103F-16F7-4668-BE54-9A1E7A4F7556}") = "VehicleHierarchy", "HomeWork11\VehicleHierarchy\VehicleHierarchy.csproj", "{4D4D42AB-8DE7-485E-B670-F18239F0D0AC}"
EndProject
Project("{9A19103F-16F7-4668-BE54-9A1E7A4F7556}") = "BankingSystem", "HomeWork12\BankingSystem\BankingSystem.csproj", "{B51E594A-27EB-4EB5-BAA9-E32A9440305F}"
EndProject
Project("{9A19103F-16F7-4668-BE54-9A1E7A4F7556}") = "DocumentWorker", "HomeWork12\DocumentWorker\DocumentWorker.csproj", "{D8FBDDE3-A03A-4465-8495-638A9BA5B4B4}"
EndProject
Project("{FAE04EC0-301F-11D3-BF4B-00C04F79EFBC}") = "VehicleMoving", "HomeWork13\VehicleMoving\VehicleMoving.csproj", "{F6EB1D8C-6874-4709-A87D-B0DE14DC7A6E}"
EndProject
Global
	GlobalSection(SolutionConfigurationPlatforms) = preSolution
		Debug|Any CPU = Debug|Any CPU
		Release|Any CPU = Release|Any CPU
	EndGlobalSection
	GlobalSection(ProjectConfigurationPlatforms) = postSolution
		{C1C92530-449E-4C2C-8B99-AA109D430C0C}.Debug|Any CPU.ActiveCfg = Debug|Any CPU
		{C1C92530-449E-4C2C-8B99-AA109D430C0C}.Debug|Any CPU.Build.0 = Debug|Any CPU
		{C1C92530-449E-4C2C-8B99-AA109D430C0C}.Release|Any CPU.ActiveCfg = Release|Any CPU
		{C1C92530-449E-4C2C-8B99-AA109D430C0C}.Release|Any CPU.Build.0 = Release|Any CPU
		{01AA3EBA-C9AE-4295-B7E5-C1A7421CFC55}.Debug|Any CPU.ActiveCfg = Debug|Any CPU
		{01AA3EBA-C9AE-4295-B7E5-C1A7421CFC55}.Debug|Any CPU.Build.0 = Debug|Any CPU
		{01AA3EBA-C9AE-4295-B7E5-C1A7421CFC55}.Release|Any CPU.ActiveCfg = Release|Any CPU
		{01AA3EBA-C9AE-4295-B7E5-C1A7421CFC55}.Release|Any CPU.Build.0 = Release|Any CPU
		{87BAE8A6-EFB6-461C-B689-9DD3BDB96D59}.Debug|Any CPU.ActiveCfg = Debug|Any CPU
		{87BAE8A6-EFB6-461C-B689-9DD3BDB96D59}.Debug|Any CPU.Build.0 = Debug|Any CPU
		{87BAE8A6-EFB6-461C-B689-9DD3BDB96D59}.Release|Any CPU.ActiveCfg = Release|Any CPU
		{87BAE8A6-EFB6-461C-B689-9DD3BDB96D59}.Release|Any CPU.Build.0 = Release|Any CPU
		{8545AEA6-E8DA-4411-B402-B5588A942AF2}.Debug|Any CPU.ActiveCfg = Debug|Any CPU
		{8545AEA6-E8DA-4411-B402-B5588A942AF2}.Debug|Any CPU.Build.0 = Debug|Any CPU
		{8545AEA6-E8DA-4411-B402-B5588A942AF2}.Release|Any CPU.ActiveCfg = Release|Any CPU
		{8545AEA6-E8DA-4411-B402-B5588A942AF2}.Release|Any CPU.Build.0 = Release|Any CPU
		{A6378314-90F3-4E34-8BE7-998FD725E828}.Debug|Any CPU.ActiveCfg = Debug|Any CPU
		{A6378314-90F3-4E34-8BE7-998FD725E828}.Debug|Any CPU.Build.0 = Debug|Any CPU
		{A6378314-90F3-4E34-8BE7-998FD725E828}.Release|Any CPU.ActiveCfg = Release|Any CPU
		{A6378314-90F3-4E34-8BE7-998FD725E828}.Release|Any CPU.Build.0 = Release|Any CPU
		{404E59F1-0105-4207-ADCB-12FE11409C57}.Debug|Any CPU.ActiveCfg = Debug|Any CPU
		{404E59F1-0105-4207-ADCB-12FE11409C57}.Debug|Any CPU.Build.0 = Debug|Any CPU
		{404E59F1-0105-4207-ADCB-12FE11409C57}.Release|Any CPU.ActiveCfg = Release|Any CPU
		{404E59F1-0105-4207-ADCB-12FE11409C57}.Release|Any CPU.Build.0 = Release|Any CPU
		{FD424570-E56A-400E-B945-0B21AAE7DFD6}.Debug|Any CPU.ActiveCfg = Debug|Any CPU
		{FD424570-E56A-400E-B945-0B21AAE7DFD6}.Debug|Any CPU.Build.0 = Debug|Any CPU
		{FD424570-E56A-400E-B945-0B21AAE7DFD6}.Release|Any CPU.ActiveCfg = Release|Any CPU
		{FD424570-E56A-400E-B945-0B21AAE7DFD6}.Release|Any CPU.Build.0 = Release|Any CPU
		{59D968E1-2C39-4BA4-9098-1E059D7EA330}.Debug|Any CPU.ActiveCfg = Debug|Any CPU
		{59D968E1-2C39-4BA4-9098-1E059D7EA330}.Debug|Any CPU.Build.0 = Debug|Any CPU
		{59D968E1-2C39-4BA4-9098-1E059D7EA330}.Release|Any CPU.ActiveCfg = Release|Any CPU
		{59D968E1-2C39-4BA4-9098-1E059D7EA330}.Release|Any CPU.Build.0 = Release|Any CPU
		{FF55FFA8-613C-4636-95C9-93C6045B14F1}.Debug|Any CPU.ActiveCfg = Debug|Any CPU
		{FF55FFA8-613C-4636-95C9-93C6045B14F1}.Debug|Any CPU.Build.0 = Debug|Any CPU
		{FF55FFA8-613C-4636-95C9-93C6045B14F1}.Release|Any CPU.ActiveCfg = Release|Any CPU
		{FF55FFA8-613C-4636-95C9-93C6045B14F1}.Release|Any CPU.Build.0 = Release|Any CPU
		{F7325ECB-53D1-48FB-A3CA-BB454E2AD56E}.Debug|Any CPU.ActiveCfg = Debug|Any CPU
		{F7325ECB-53D1-48FB-A3CA-BB454E2AD56E}.Debug|Any CPU.Build.0 = Debug|Any CPU
		{F7325ECB-53D1-48FB-A3CA-BB454E2AD56E}.Release|Any CPU.ActiveCfg = Release|Any CPU
		{F7325ECB-53D1-48FB-A3CA-BB454E2AD56E}.Release|Any CPU.Build.0 = Release|Any CPU
		{D8F476C2-0D40-4809-A170-DC5555118179}.Debug|Any CPU.ActiveCfg = Debug|Any CPU
		{D8F476C2-0D40-4809-A170-DC5555118179}.Debug|Any CPU.Build.0 = Debug|Any CPU
		{D8F476C2-0D40-4809-A170-DC5555118179}.Release|Any CPU.ActiveCfg = Release|Any CPU
		{D8F476C2-0D40-4809-A170-DC5555118179}.Release|Any CPU.Build.0 = Release|Any CPU
		{92C95B7C-5A85-4313-A7AA-F8344ABC6033}.Debug|Any CPU.ActiveCfg = Debug|Any CPU
		{92C95B7C-5A85-4313-A7AA-F8344ABC6033}.Debug|Any CPU.Build.0 = Debug|Any CPU
		{92C95B7C-5A85-4313-A7AA-F8344ABC6033}.Release|Any CPU.ActiveCfg = Release|Any CPU
		{92C95B7C-5A85-4313-A7AA-F8344ABC6033}.Release|Any CPU.Build.0 = Release|Any CPU
		{23A8794F-2465-468A-9276-9BA0ED3CB776}.Debug|Any CPU.ActiveCfg = Debug|Any CPU
		{23A8794F-2465-468A-9276-9BA0ED3CB776}.Debug|Any CPU.Build.0 = Debug|Any CPU
		{23A8794F-2465-468A-9276-9BA0ED3CB776}.Release|Any CPU.ActiveCfg = Release|Any CPU
		{23A8794F-2465-468A-9276-9BA0ED3CB776}.Release|Any CPU.Build.0 = Release|Any CPU
		{5BBC8B72-4AD0-4DD2-A780-3A4DF4B8FDB4}.Debug|Any CPU.ActiveCfg = Debug|Any CPU
		{5BBC8B72-4AD0-4DD2-A780-3A4DF4B8FDB4}.Debug|Any CPU.Build.0 = Debug|Any CPU
		{5BBC8B72-4AD0-4DD2-A780-3A4DF4B8FDB4}.Release|Any CPU.ActiveCfg = Release|Any CPU
		{5BBC8B72-4AD0-4DD2-A780-3A4DF4B8FDB4}.Release|Any CPU.Build.0 = Release|Any CPU
		{3F1DF9CD-A64C-447E-BDFE-2081348D2EDD}.Debug|Any CPU.ActiveCfg = Debug|Any CPU
		{3F1DF9CD-A64C-447E-BDFE-2081348D2EDD}.Debug|Any CPU.Build.0 = Debug|Any CPU
		{3F1DF9CD-A64C-447E-BDFE-2081348D2EDD}.Release|Any CPU.ActiveCfg = Release|Any CPU
		{3F1DF9CD-A64C-447E-BDFE-2081348D2EDD}.Release|Any CPU.Build.0 = Release|Any CPU
		{D9754FA1-D3E4-4489-AA69-48464D79D0E8}.Debug|Any CPU.ActiveCfg = Debug|Any CPU
		{D9754FA1-D3E4-4489-AA69-48464D79D0E8}.Debug|Any CPU.Build.0 = Debug|Any CPU
		{D9754FA1-D3E4-4489-AA69-48464D79D0E8}.Release|Any CPU.ActiveCfg = Release|Any CPU
		{D9754FA1-D3E4-4489-AA69-48464D79D0E8}.Release|Any CPU.Build.0 = Release|Any CPU
		{CADD46F6-CCDC-4609-BB26-A3C69D5834E0}.Debug|Any CPU.ActiveCfg = Debug|Any CPU
		{CADD46F6-CCDC-4609-BB26-A3C69D5834E0}.Debug|Any CPU.Build.0 = Debug|Any CPU
		{CADD46F6-CCDC-4609-BB26-A3C69D5834E0}.Release|Any CPU.ActiveCfg = Release|Any CPU
		{CADD46F6-CCDC-4609-BB26-A3C69D5834E0}.Release|Any CPU.Build.0 = Release|Any CPU
		{42DFD748-1225-4912-9B95-BE5228E99216}.Debug|Any CPU.ActiveCfg = Debug|Any CPU
		{42DFD748-1225-4912-9B95-BE5228E99216}.Debug|Any CPU.Build.0 = Debug|Any CPU
		{42DFD748-1225-4912-9B95-BE5228E99216}.Release|Any CPU.ActiveCfg = Release|Any CPU
		{42DFD748-1225-4912-9B95-BE5228E99216}.Release|Any CPU.Build.0 = Release|Any CPU
		{33C7FAD7-BCA6-45B4-9771-71E05ACC33CE}.Debug|Any CPU.ActiveCfg = Debug|Any CPU
		{33C7FAD7-BCA6-45B4-9771-71E05ACC33CE}.Debug|Any CPU.Build.0 = Debug|Any CPU
		{33C7FAD7-BCA6-45B4-9771-71E05ACC33CE}.Release|Any CPU.ActiveCfg = Release|Any CPU
		{33C7FAD7-BCA6-45B4-9771-71E05ACC33CE}.Release|Any CPU.Build.0 = Release|Any CPU
		{96469804-7876-461F-8A7D-6EDE265D24CC}.Debug|Any CPU.ActiveCfg = Debug|Any CPU
		{96469804-7876-461F-8A7D-6EDE265D24CC}.Debug|Any CPU.Build.0 = Debug|Any CPU
		{96469804-7876-461F-8A7D-6EDE265D24CC}.Release|Any CPU.ActiveCfg = Release|Any CPU
		{96469804-7876-461F-8A7D-6EDE265D24CC}.Release|Any CPU.Build.0 = Release|Any CPU
		{FBA95F92-1BA5-4844-BE4F-639556CA296C}.Debug|Any CPU.ActiveCfg = Debug|Any CPU
		{FBA95F92-1BA5-4844-BE4F-639556CA296C}.Debug|Any CPU.Build.0 = Debug|Any CPU
		{FBA95F92-1BA5-4844-BE4F-639556CA296C}.Release|Any CPU.ActiveCfg = Release|Any CPU
		{FBA95F92-1BA5-4844-BE4F-639556CA296C}.Release|Any CPU.Build.0 = Release|Any CPU
		{C1D4D545-E4D7-4DB2-86D7-E7319CFCA990}.Debug|Any CPU.ActiveCfg = Debug|Any CPU
		{C1D4D545-E4D7-4DB2-86D7-E7319CFCA990}.Debug|Any CPU.Build.0 = Debug|Any CPU
		{C1D4D545-E4D7-4DB2-86D7-E7319CFCA990}.Release|Any CPU.ActiveCfg = Release|Any CPU
		{C1D4D545-E4D7-4DB2-86D7-E7319CFCA990}.Release|Any CPU.Build.0 = Release|Any CPU
		{9789CB4F-54A4-4089-82C9-9302A731D3EB}.Debug|Any CPU.ActiveCfg = Debug|Any CPU
		{9789CB4F-54A4-4089-82C9-9302A731D3EB}.Debug|Any CPU.Build.0 = Debug|Any CPU
		{9789CB4F-54A4-4089-82C9-9302A731D3EB}.Release|Any CPU.ActiveCfg = Release|Any CPU
		{9789CB4F-54A4-4089-82C9-9302A731D3EB}.Release|Any CPU.Build.0 = Release|Any CPU
		{BD89D89B-3375-44E5-AD28-D01C8517FD8F}.Debug|Any CPU.ActiveCfg = Debug|Any CPU
		{BD89D89B-3375-44E5-AD28-D01C8517FD8F}.Debug|Any CPU.Build.0 = Debug|Any CPU
		{BD89D89B-3375-44E5-AD28-D01C8517FD8F}.Release|Any CPU.ActiveCfg = Release|Any CPU
		{BD89D89B-3375-44E5-AD28-D01C8517FD8F}.Release|Any CPU.Build.0 = Release|Any CPU
		{C2AA765E-2511-4FAC-B147-88D587A7B2B6}.Debug|Any CPU.ActiveCfg = Debug|Any CPU
		{C2AA765E-2511-4FAC-B147-88D587A7B2B6}.Debug|Any CPU.Build.0 = Debug|Any CPU
		{C2AA765E-2511-4FAC-B147-88D587A7B2B6}.Release|Any CPU.ActiveCfg = Release|Any CPU
		{C2AA765E-2511-4FAC-B147-88D587A7B2B6}.Release|Any CPU.Build.0 = Release|Any CPU
		{DB475353-9E4D-461F-9F94-46E18072A0EB}.Debug|Any CPU.ActiveCfg = Debug|Any CPU
		{DB475353-9E4D-461F-9F94-46E18072A0EB}.Debug|Any CPU.Build.0 = Debug|Any CPU
		{DB475353-9E4D-461F-9F94-46E18072A0EB}.Release|Any CPU.ActiveCfg = Release|Any CPU
		{DB475353-9E4D-461F-9F94-46E18072A0EB}.Release|Any CPU.Build.0 = Release|Any CPU
		{6A47BF07-B909-4235-BFDE-B5F10BC38DC7}.Debug|Any CPU.ActiveCfg = Debug|Any CPU
		{6A47BF07-B909-4235-BFDE-B5F10BC38DC7}.Debug|Any CPU.Build.0 = Debug|Any CPU
		{6A47BF07-B909-4235-BFDE-B5F10BC38DC7}.Release|Any CPU.ActiveCfg = Release|Any CPU
		{6A47BF07-B909-4235-BFDE-B5F10BC38DC7}.Release|Any CPU.Build.0 = Release|Any CPU
		{1634F859-29BB-4611-B338-5EAD6A18E365}.Debug|Any CPU.ActiveCfg = Debug|Any CPU
		{1634F859-29BB-4611-B338-5EAD6A18E365}.Debug|Any CPU.Build.0 = Debug|Any CPU
		{1634F859-29BB-4611-B338-5EAD6A18E365}.Release|Any CPU.ActiveCfg = Release|Any CPU
		{1634F859-29BB-4611-B338-5EAD6A18E365}.Release|Any CPU.Build.0 = Release|Any CPU
		{B57119E6-9761-4456-8D65-1299E7F73E5D}.Debug|Any CPU.ActiveCfg = Debug|Any CPU
		{B57119E6-9761-4456-8D65-1299E7F73E5D}.Debug|Any CPU.Build.0 = Debug|Any CPU
		{B57119E6-9761-4456-8D65-1299E7F73E5D}.Release|Any CPU.ActiveCfg = Release|Any CPU
		{B57119E6-9761-4456-8D65-1299E7F73E5D}.Release|Any CPU.Build.0 = Release|Any CPU
		{0DB874DC-EDE0-4706-A595-E440692B67B1}.Debug|Any CPU.ActiveCfg = Debug|Any CPU
		{0DB874DC-EDE0-4706-A595-E440692B67B1}.Debug|Any CPU.Build.0 = Debug|Any CPU
		{0DB874DC-EDE0-4706-A595-E440692B67B1}.Release|Any CPU.ActiveCfg = Release|Any CPU
		{0DB874DC-EDE0-4706-A595-E440692B67B1}.Release|Any CPU.Build.0 = Release|Any CPU
		{7F47F5C9-DCCB-41EE-A3DE-AE4AF10CDCA3}.Debug|Any CPU.ActiveCfg = Debug|Any CPU
		{7F47F5C9-DCCB-41EE-A3DE-AE4AF10CDCA3}.Debug|Any CPU.Build.0 = Debug|Any CPU
		{7F47F5C9-DCCB-41EE-A3DE-AE4AF10CDCA3}.Release|Any CPU.ActiveCfg = Release|Any CPU
		{7F47F5C9-DCCB-41EE-A3DE-AE4AF10CDCA3}.Release|Any CPU.Build.0 = Release|Any CPU
		{7E985A9F-3D61-48BA-A224-BE4C684098A3}.Debug|Any CPU.ActiveCfg = Debug|Any CPU
		{7E985A9F-3D61-48BA-A224-BE4C684098A3}.Debug|Any CPU.Build.0 = Debug|Any CPU
		{7E985A9F-3D61-48BA-A224-BE4C684098A3}.Release|Any CPU.ActiveCfg = Release|Any CPU
		{7E985A9F-3D61-48BA-A224-BE4C684098A3}.Release|Any CPU.Build.0 = Release|Any CPU
		{331BCA3D-BA00-4AA2-9C2C-D246AE1D61A1}.Debug|Any CPU.ActiveCfg = Debug|Any CPU
		{331BCA3D-BA00-4AA2-9C2C-D246AE1D61A1}.Debug|Any CPU.Build.0 = Debug|Any CPU
		{331BCA3D-BA00-4AA2-9C2C-D246AE1D61A1}.Release|Any CPU.ActiveCfg = Release|Any CPU
		{331BCA3D-BA00-4AA2-9C2C-D246AE1D61A1}.Release|Any CPU.Build.0 = Release|Any CPU
		{F47B1ACE-39F7-48B8-959B-52F3E0D8DE38}.Debug|Any CPU.ActiveCfg = Debug|Any CPU
		{F47B1ACE-39F7-48B8-959B-52F3E0D8DE38}.Debug|Any CPU.Build.0 = Debug|Any CPU
		{F47B1ACE-39F7-48B8-959B-52F3E0D8DE38}.Release|Any CPU.ActiveCfg = Release|Any CPU
		{F47B1ACE-39F7-48B8-959B-52F3E0D8DE38}.Release|Any CPU.Build.0 = Release|Any CPU
		{C56B2ED2-0382-4803-BECA-B4396C4F6A24}.Debug|Any CPU.ActiveCfg = Debug|Any CPU
		{C56B2ED2-0382-4803-BECA-B4396C4F6A24}.Debug|Any CPU.Build.0 = Debug|Any CPU
		{C56B2ED2-0382-4803-BECA-B4396C4F6A24}.Release|Any CPU.ActiveCfg = Release|Any CPU
		{C56B2ED2-0382-4803-BECA-B4396C4F6A24}.Release|Any CPU.Build.0 = Release|Any CPU
		{FCE67B73-25CB-473F-B7F0-F9EF24C6CDDE}.Debug|Any CPU.ActiveCfg = Debug|Any CPU
		{FCE67B73-25CB-473F-B7F0-F9EF24C6CDDE}.Debug|Any CPU.Build.0 = Debug|Any CPU
		{FCE67B73-25CB-473F-B7F0-F9EF24C6CDDE}.Release|Any CPU.ActiveCfg = Release|Any CPU
		{FCE67B73-25CB-473F-B7F0-F9EF24C6CDDE}.Release|Any CPU.Build.0 = Release|Any CPU
		{26597B6B-E068-4CC4-BE72-7E1F0B7D72AD}.Debug|Any CPU.ActiveCfg = Debug|Any CPU
		{26597B6B-E068-4CC4-BE72-7E1F0B7D72AD}.Debug|Any CPU.Build.0 = Debug|Any CPU
		{26597B6B-E068-4CC4-BE72-7E1F0B7D72AD}.Release|Any CPU.ActiveCfg = Release|Any CPU
		{26597B6B-E068-4CC4-BE72-7E1F0B7D72AD}.Release|Any CPU.Build.0 = Release|Any CPU
		{BBE0835D-5819-4976-9FEA-BCDBBEFA9B07}.Debug|Any CPU.ActiveCfg = Debug|Any CPU
		{BBE0835D-5819-4976-9FEA-BCDBBEFA9B07}.Debug|Any CPU.Build.0 = Debug|Any CPU
		{BBE0835D-5819-4976-9FEA-BCDBBEFA9B07}.Release|Any CPU.ActiveCfg = Release|Any CPU
		{BBE0835D-5819-4976-9FEA-BCDBBEFA9B07}.Release|Any CPU.Build.0 = Release|Any CPU
		{4D4D42AB-8DE7-485E-B670-F18239F0D0AC}.Debug|Any CPU.ActiveCfg = Debug|Any CPU
		{4D4D42AB-8DE7-485E-B670-F18239F0D0AC}.Debug|Any CPU.Build.0 = Debug|Any CPU
		{4D4D42AB-8DE7-485E-B670-F18239F0D0AC}.Release|Any CPU.ActiveCfg = Release|Any CPU
		{4D4D42AB-8DE7-485E-B670-F18239F0D0AC}.Release|Any CPU.Build.0 = Release|Any CPU
		{B51E594A-27EB-4EB5-BAA9-E32A9440305F}.Debug|Any CPU.ActiveCfg = Debug|Any CPU
		{B51E594A-27EB-4EB5-BAA9-E32A9440305F}.Debug|Any CPU.Build.0 = Debug|Any CPU
		{B51E594A-27EB-4EB5-BAA9-E32A9440305F}.Release|Any CPU.ActiveCfg = Release|Any CPU
		{B51E594A-27EB-4EB5-BAA9-E32A9440305F}.Release|Any CPU.Build.0 = Release|Any CPU
		{D8FBDDE3-A03A-4465-8495-638A9BA5B4B4}.Debug|Any CPU.ActiveCfg = Debug|Any CPU
		{D8FBDDE3-A03A-4465-8495-638A9BA5B4B4}.Debug|Any CPU.Build.0 = Debug|Any CPU
		{D8FBDDE3-A03A-4465-8495-638A9BA5B4B4}.Release|Any CPU.ActiveCfg = Release|Any CPU
		{D8FBDDE3-A03A-4465-8495-638A9BA5B4B4}.Release|Any CPU.Build.0 = Release|Any CPU
		{F6EB1D8C-6874-4709-A87D-B0DE14DC7A6E}.Debug|Any CPU.ActiveCfg = Debug|Any CPU
		{F6EB1D8C-6874-4709-A87D-B0DE14DC7A6E}.Debug|Any CPU.Build.0 = Debug|Any CPU
		{F6EB1D8C-6874-4709-A87D-B0DE14DC7A6E}.Release|Any CPU.ActiveCfg = Release|Any CPU
		{F6EB1D8C-6874-4709-A87D-B0DE14DC7A6E}.Release|Any CPU.Build.0 = Release|Any CPU
	EndGlobalSection
	GlobalSection(SolutionProperties) = preSolution
		HideSolutionNode = FALSE
	EndGlobalSection
	GlobalSection(ExtensibilityGlobals) = postSolution
		SolutionGuid = {558328B3-BF78-40AA-9020-A395760271EB}
	EndGlobalSection
EndGlobal
