
Microsoft Visual Studio Solution File, Format Version 12.00
# Visual Studio Version 17
VisualStudioVersion = 17.7.34221.43
MinimumVisualStudioVersion = 10.0.40219.1
Project("{FAE04EC0-301F-11D3-BF4B-00C04F79EFBC}") = "HomeWork1", "HomeWork1\HomeWork1.csproj", "{CC879987-53D2-4138-8CE2-0E86F3467978}"
EndProject
Global
	GlobalSection(SolutionConfigurationPlatforms) = preSolution
		Debug|Any CPU = Debug|Any CPU
		Release|Any CPU = Release|Any CPU
	EndGlobalSection
	GlobalSection(ProjectConfigurationPlatforms) = postSolution
		{CC879987-53D2-4138-8CE2-0E86F3467978}.Debug|Any CPU.ActiveCfg = Debug|Any CPU
		{CC879987-53D2-4138-8CE2-0E86F3467978}.Debug|Any CPU.Build.0 = Debug|Any CPU
		{CC879987-53D2-4138-8CE2-0E86F3467978}.Release|Any CPU.ActiveCfg = Release|Any CPU
		{CC879987-53D2-4138-8CE2-0E86F3467978}.Release|Any CPU.Build.0 = Release|Any CPU
	EndGlobalSection
	GlobalSection(SolutionProperties) = preSolution
		HideSolutionNode = FALSE
	EndGlobalSection
	GlobalSection(ExtensibilityGlobals) = postSolution
		SolutionGuid = {808D97ED-71DC-4CB3-ACB5-680455ED6374}
	EndGlobalSection
EndGlobal
