
Microsoft Visual Studio Solution File, Format Version 12.00
# Visual Studio Version 17
VisualStudioVersion = 17.7.34024.191
MinimumVisualStudioVersion = 10.0.40219.1
Project("{FAE04EC0-301F-11D3-BF4B-00C04F79EFBC}") = "MenuTest", "MenuTest.csproj", "{DBA8442C-6478-4531-8C66-17CB78BDAEDE}"
EndProject
Global
	GlobalSection(SolutionConfigurationPlatforms) = preSolution
		Debug|Any CPU = Debug|Any CPU
		Release|Any CPU = Release|Any CPU
	EndGlobalSection
	GlobalSection(ProjectConfigurationPlatforms) = postSolution
		{DBA8442C-6478-4531-8C66-17CB78BDAEDE}.Debug|Any CPU.ActiveCfg = Debug|Any CPU
		{DBA8442C-6478-4531-8C66-17CB78BDAEDE}.Debug|Any CPU.Build.0 = Debug|Any CPU
		{DBA8442C-6478-4531-8C66-17CB78BDAEDE}.Release|Any CPU.ActiveCfg = Release|Any CPU
		{DBA8442C-6478-4531-8C66-17CB78BDAEDE}.Release|Any CPU.Build.0 = Release|Any CPU
	EndGlobalSection
	GlobalSection(SolutionProperties) = preSolution
		HideSolutionNode = FALSE
	EndGlobalSection
	GlobalSection(ExtensibilityGlobals) = postSolution
		SolutionGuid = {7F2328B9-8C59-4077-BCF3-89092144C75B}
	EndGlobalSection
EndGlobal
